// !$*UTF8*$!
{
	archiveVersion = 1;
	classes = {
	};
	objectVersion = 55;
	objects = {

/* Begin PBXBuildFile section */
		2BE0AB3627AEABCF003FC33C /* AfricaApp.swift in Sources */ = {isa = PBXBuildFile; fileRef = 2BE0AB3527AEABCF003FC33C /* AfricaApp.swift */; };
		2BE0AB3827AEABCF003FC33C /* ContentView.swift in Sources */ = {isa = PBXBuildFile; fileRef = 2BE0AB3727AEABCF003FC33C /* ContentView.swift */; };
		2BE0AB3A27AEABD0003FC33C /* Assets.xcassets in Resources */ = {isa = PBXBuildFile; fileRef = 2BE0AB3927AEABD0003FC33C /* Assets.xcassets */; };
		2BE0AB3D27AEABD0003FC33C /* Preview Assets.xcassets in Resources */ = {isa = PBXBuildFile; fileRef = 2BE0AB3C27AEABD0003FC33C /* Preview Assets.xcassets */; };
		2BE0AB4527AEB18A003FC33C /* cheetah.mp4 in Resources */ = {isa = PBXBuildFile; fileRef = 2BE0AB4427AEB18A003FC33C /* cheetah.mp4 */; };
		2BE0AB4A27AEB20C003FC33C /* giraffe.mp4 in Resources */ = {isa = PBXBuildFile; fileRef = 2BE0AB4627AEB20B003FC33C /* giraffe.mp4 */; };
		2BE0AB4B27AEB20C003FC33C /* gorilla.mp4 in Resources */ = {isa = PBXBuildFile; fileRef = 2BE0AB4727AEB20C003FC33C /* gorilla.mp4 */; };
		2BE0AB4C27AEB20C003FC33C /* hippo.mp4 in Resources */ = {isa = PBXBuildFile; fileRef = 2BE0AB4827AEB20C003FC33C /* hippo.mp4 */; };
		2BE0AB4D27AEB20C003FC33C /* elephant.mp4 in Resources */ = {isa = PBXBuildFile; fileRef = 2BE0AB4927AEB20C003FC33C /* elephant.mp4 */; };
		2BE0AB4F27AEB2E2003FC33C /* lioness.mp4 in Resources */ = {isa = PBXBuildFile; fileRef = 2BE0AB4E27AEB2E2003FC33C /* lioness.mp4 */; };
		2BE0AB5127AEB2F5003FC33C /* lion.mp4 in Resources */ = {isa = PBXBuildFile; fileRef = 2BE0AB5027AEB2F5003FC33C /* lion.mp4 */; };
		2BE0AB5527AEB341003FC33C /* rhino.mp4 in Resources */ = {isa = PBXBuildFile; fileRef = 2BE0AB5227AEB340003FC33C /* rhino.mp4 */; };
		2BE0AB5627AEB341003FC33C /* ostrich.mp4 in Resources */ = {isa = PBXBuildFile; fileRef = 2BE0AB5327AEB340003FC33C /* ostrich.mp4 */; };
		2BE0AB5727AEB341003FC33C /* zebra.mp4 in Resources */ = {isa = PBXBuildFile; fileRef = 2BE0AB5427AEB341003FC33C /* zebra.mp4 */; };
		2BE0AB5D27AEB3F2003FC33C /* covers.json in Resources */ = {isa = PBXBuildFile; fileRef = 2BE0AB5927AEB3F2003FC33C /* covers.json */; };
		2BE0AB5E27AEB3F2003FC33C /* videos.json in Resources */ = {isa = PBXBuildFile; fileRef = 2BE0AB5A27AEB3F2003FC33C /* videos.json */; };
		2BE0AB5F27AEB3F2003FC33C /* animals.json in Resources */ = {isa = PBXBuildFile; fileRef = 2BE0AB5B27AEB3F2003FC33C /* animals.json */; };
		2BE0AB6027AEB3F2003FC33C /* locations.json in Resources */ = {isa = PBXBuildFile; fileRef = 2BE0AB5C27AEB3F2003FC33C /* locations.json */; };
		2BE0AB6427AEBA6F003FC33C /* VideoListView.swift in Sources */ = {isa = PBXBuildFile; fileRef = 2BE0AB6327AEBA6F003FC33C /* VideoListView.swift */; };
		2BE0AB6627AEBAB3003FC33C /* MapView.swift in Sources */ = {isa = PBXBuildFile; fileRef = 2BE0AB6527AEBAB3003FC33C /* MapView.swift */; };
		2BE0AB6827AEBAEE003FC33C /* GalleryView.swift in Sources */ = {isa = PBXBuildFile; fileRef = 2BE0AB6727AEBAEE003FC33C /* GalleryView.swift */; };
		2BE0AB6A27AEBB1B003FC33C /* MainView.swift in Sources */ = {isa = PBXBuildFile; fileRef = 2BE0AB6927AEBB1B003FC33C /* MainView.swift */; };
		2BE0AB6D27AEC38C003FC33C /* CoverImageView.swift in Sources */ = {isa = PBXBuildFile; fileRef = 2BE0AB6C27AEC38C003FC33C /* CoverImageView.swift */; };
		2BE0AB7027AEC709003FC33C /* CoverImageModel.swift in Sources */ = {isa = PBXBuildFile; fileRef = 2BE0AB6F27AEC709003FC33C /* CoverImageModel.swift */; };
		2BE0AB7327AEC939003FC33C /* CodableBundleExtension.swift in Sources */ = {isa = PBXBuildFile; fileRef = 2BE0AB7227AEC939003FC33C /* CodableBundleExtension.swift */; };
		2BE0AB7527AED3B9003FC33C /* AnimalListItemView.swift in Sources */ = {isa = PBXBuildFile; fileRef = 2BE0AB7427AED3B9003FC33C /* AnimalListItemView.swift */; };
		2BE0AB7727AED807003FC33C /* AnimalModel.swift in Sources */ = {isa = PBXBuildFile; fileRef = 2BE0AB7627AED807003FC33C /* AnimalModel.swift */; };
		2BE7077C27AF2F8000ECD78B /* AnimalDetailView.swift in Sources */ = {isa = PBXBuildFile; fileRef = 2BE7077B27AF2F8000ECD78B /* AnimalDetailView.swift */; };
		2BE7077E27AF35BC00ECD78B /* HeadingView.swift in Sources */ = {isa = PBXBuildFile; fileRef = 2BE7077D27AF35BC00ECD78B /* HeadingView.swift */; };
		2BE7078027AF40BB00ECD78B /* InsertGalleryView.swift in Sources */ = {isa = PBXBuildFile; fileRef = 2BE7077F27AF40BB00ECD78B /* InsertGalleryView.swift */; };
		2BE7078227AF83BF00ECD78B /* InsetFactView.swift in Sources */ = {isa = PBXBuildFile; fileRef = 2BE7078127AF83BF00ECD78B /* InsetFactView.swift */; };
		2BE7078427AF8AB000ECD78B /* InsetMapView.swift in Sources */ = {isa = PBXBuildFile; fileRef = 2BE7078327AF8AB000ECD78B /* InsetMapView.swift */; };
		2BE7078627AF915300ECD78B /* ExternalWeblinkView.swift in Sources */ = {isa = PBXBuildFile; fileRef = 2BE7078527AF915300ECD78B /* ExternalWeblinkView.swift */; };
/* End PBXBuildFile section */

/* Begin PBXFileReference section */
		2BE0AB3227AEABCF003FC33C /* Africa.app */ = {isa = PBXFileReference; explicitFileType = wrapper.application; includeInIndex = 0; path = Africa.app; sourceTree = BUILT_PRODUCTS_DIR; };
		2BE0AB3527AEABCF003FC33C /* AfricaApp.swift */ = {isa = PBXFileReference; lastKnownFileType = sourcecode.swift; path = AfricaApp.swift; sourceTree = "<group>"; };
		2BE0AB3727AEABCF003FC33C /* ContentView.swift */ = {isa = PBXFileReference; lastKnownFileType = sourcecode.swift; path = ContentView.swift; sourceTree = "<group>"; };
		2BE0AB3927AEABD0003FC33C /* Assets.xcassets */ = {isa = PBXFileReference; lastKnownFileType = folder.assetcatalog; path = Assets.xcassets; sourceTree = "<group>"; };
		2BE0AB3C27AEABD0003FC33C /* Preview Assets.xcassets */ = {isa = PBXFileReference; lastKnownFileType = folder.assetcatalog; path = "Preview Assets.xcassets"; sourceTree = "<group>"; };
		2BE0AB4427AEB18A003FC33C /* cheetah.mp4 */ = {isa = PBXFileReference; lastKnownFileType = file; path = cheetah.mp4; sourceTree = "<group>"; };
		2BE0AB4627AEB20B003FC33C /* giraffe.mp4 */ = {isa = PBXFileReference; lastKnownFileType = file; path = giraffe.mp4; sourceTree = "<group>"; };
		2BE0AB4727AEB20C003FC33C /* gorilla.mp4 */ = {isa = PBXFileReference; lastKnownFileType = file; path = gorilla.mp4; sourceTree = "<group>"; };
		2BE0AB4827AEB20C003FC33C /* hippo.mp4 */ = {isa = PBXFileReference; lastKnownFileType = file; path = hippo.mp4; sourceTree = "<group>"; };
		2BE0AB4927AEB20C003FC33C /* elephant.mp4 */ = {isa = PBXFileReference; lastKnownFileType = file; path = elephant.mp4; sourceTree = "<group>"; };
		2BE0AB4E27AEB2E2003FC33C /* lioness.mp4 */ = {isa = PBXFileReference; lastKnownFileType = file; path = lioness.mp4; sourceTree = "<group>"; };
		2BE0AB5027AEB2F5003FC33C /* lion.mp4 */ = {isa = PBXFileReference; lastKnownFileType = file; path = lion.mp4; sourceTree = "<group>"; };
		2BE0AB5227AEB340003FC33C /* rhino.mp4 */ = {isa = PBXFileReference; lastKnownFileType = file; path = rhino.mp4; sourceTree = "<group>"; };
		2BE0AB5327AEB340003FC33C /* ostrich.mp4 */ = {isa = PBXFileReference; lastKnownFileType = file; path = ostrich.mp4; sourceTree = "<group>"; };
		2BE0AB5427AEB341003FC33C /* zebra.mp4 */ = {isa = PBXFileReference; lastKnownFileType = file; path = zebra.mp4; sourceTree = "<group>"; };
		2BE0AB5927AEB3F2003FC33C /* covers.json */ = {isa = PBXFileReference; fileEncoding = 4; lastKnownFileType = text.json; path = covers.json; sourceTree = "<group>"; };
		2BE0AB5A27AEB3F2003FC33C /* videos.json */ = {isa = PBXFileReference; fileEncoding = 4; lastKnownFileType = text.json; path = videos.json; sourceTree = "<group>"; };
		2BE0AB5B27AEB3F2003FC33C /* animals.json */ = {isa = PBXFileReference; fileEncoding = 4; lastKnownFileType = text.json; path = animals.json; sourceTree = "<group>"; };
		2BE0AB5C27AEB3F2003FC33C /* locations.json */ = {isa = PBXFileReference; fileEncoding = 4; lastKnownFileType = text.json; path = locations.json; sourceTree = "<group>"; };
		2BE0AB6127AEB5B2003FC33C /* Info.plist */ = {isa = PBXFileReference; lastKnownFileType = text.plist; path = Info.plist; sourceTree = "<group>"; };
		2BE0AB6327AEBA6F003FC33C /* VideoListView.swift */ = {isa = PBXFileReference; lastKnownFileType = sourcecode.swift; path = VideoListView.swift; sourceTree = "<group>"; };
		2BE0AB6527AEBAB3003FC33C /* MapView.swift */ = {isa = PBXFileReference; lastKnownFileType = sourcecode.swift; path = MapView.swift; sourceTree = "<group>"; };
		2BE0AB6727AEBAEE003FC33C /* GalleryView.swift */ = {isa = PBXFileReference; lastKnownFileType = sourcecode.swift; path = GalleryView.swift; sourceTree = "<group>"; };
		2BE0AB6927AEBB1B003FC33C /* MainView.swift */ = {isa = PBXFileReference; lastKnownFileType = sourcecode.swift; path = MainView.swift; sourceTree = "<group>"; };
		2BE0AB6C27AEC38C003FC33C /* CoverImageView.swift */ = {isa = PBXFileReference; lastKnownFileType = sourcecode.swift; path = CoverImageView.swift; sourceTree = "<group>"; };
		2BE0AB6F27AEC709003FC33C /* CoverImageModel.swift */ = {isa = PBXFileReference; lastKnownFileType = sourcecode.swift; path = CoverImageModel.swift; sourceTree = "<group>"; };
		2BE0AB7227AEC939003FC33C /* CodableBundleExtension.swift */ = {isa = PBXFileReference; lastKnownFileType = sourcecode.swift; path = CodableBundleExtension.swift; sourceTree = "<group>"; };
		2BE0AB7427AED3B9003FC33C /* AnimalListItemView.swift */ = {isa = PBXFileReference; lastKnownFileType = sourcecode.swift; path = AnimalListItemView.swift; sourceTree = "<group>"; };
		2BE0AB7627AED807003FC33C /* AnimalModel.swift */ = {isa = PBXFileReference; lastKnownFileType = sourcecode.swift; path = AnimalModel.swift; sourceTree = "<group>"; };
		2BE7077B27AF2F8000ECD78B /* AnimalDetailView.swift */ = {isa = PBXFileReference; lastKnownFileType = sourcecode.swift; path = AnimalDetailView.swift; sourceTree = "<group>"; };
		2BE7077D27AF35BC00ECD78B /* HeadingView.swift */ = {isa = PBXFileReference; lastKnownFileType = sourcecode.swift; path = HeadingView.swift; sourceTree = "<group>"; };
		2BE7077F27AF40BB00ECD78B /* InsertGalleryView.swift */ = {isa = PBXFileReference; lastKnownFileType = sourcecode.swift; path = InsertGalleryView.swift; sourceTree = "<group>"; };
		2BE7078127AF83BF00ECD78B /* InsetFactView.swift */ = {isa = PBXFileReference; lastKnownFileType = sourcecode.swift; path = InsetFactView.swift; sourceTree = "<group>"; };
		2BE7078327AF8AB000ECD78B /* InsetMapView.swift */ = {isa = PBXFileReference; lastKnownFileType = sourcecode.swift; path = InsetMapView.swift; sourceTree = "<group>"; };
		2BE7078527AF915300ECD78B /* ExternalWeblinkView.swift */ = {isa = PBXFileReference; lastKnownFileType = sourcecode.swift; path = ExternalWeblinkView.swift; sourceTree = "<group>"; };
/* End PBXFileReference section */

/* Begin PBXFrameworksBuildPhase section */
		2BE0AB2F27AEABCF003FC33C /* Frameworks */ = {
			isa = PBXFrameworksBuildPhase;
			buildActionMask = 2147483647;
			files = (
			);
			runOnlyForDeploymentPostprocessing = 0;
		};
/* End PBXFrameworksBuildPhase section */

/* Begin PBXGroup section */
		2BE0AB2927AEABCF003FC33C = {
			isa = PBXGroup;
			children = (
				2BE0AB3427AEABCF003FC33C /* Africa */,
				2BE0AB3327AEABCF003FC33C /* Products */,
			);
			sourceTree = "<group>";
		};
		2BE0AB3327AEABCF003FC33C /* Products */ = {
			isa = PBXGroup;
			children = (
				2BE0AB3227AEABCF003FC33C /* Africa.app */,
			);
			name = Products;
			sourceTree = "<group>";
		};
		2BE0AB3427AEABCF003FC33C /* Africa */ = {
			isa = PBXGroup;
			children = (
				2BE0AB7127AEC8F3003FC33C /* Extension */,
				2BE0AB6E27AEC6DB003FC33C /* Model */,
				2BE0AB6B27AEC317003FC33C /* Views */,
				2BE0AB6127AEB5B2003FC33C /* Info.plist */,
				2BE0AB5827AEB3CB003FC33C /* Data */,
				2BE0AB4327AEB129003FC33C /* Video */,
				2BE0AB6227AEB98C003FC33C /* Screens */,
				2BE0AB3927AEABD0003FC33C /* Assets.xcassets */,
				2BE0AB3B27AEABD0003FC33C /* Preview Content */,
			);
			path = Africa;
			sourceTree = "<group>";
		};
		2BE0AB3B27AEABD0003FC33C /* Preview Content */ = {
			isa = PBXGroup;
			children = (
				2BE0AB3C27AEABD0003FC33C /* Preview Assets.xcassets */,
			);
			path = "Preview Content";
			sourceTree = "<group>";
		};
		2BE0AB4327AEB129003FC33C /* Video */ = {
			isa = PBXGroup;
			children = (
				2BE0AB5327AEB340003FC33C /* ostrich.mp4 */,
				2BE0AB5227AEB340003FC33C /* rhino.mp4 */,
				2BE0AB5427AEB341003FC33C /* zebra.mp4 */,
				2BE0AB5027AEB2F5003FC33C /* lion.mp4 */,
				2BE0AB4E27AEB2E2003FC33C /* lioness.mp4 */,
				2BE0AB4927AEB20C003FC33C /* elephant.mp4 */,
				2BE0AB4627AEB20B003FC33C /* giraffe.mp4 */,
				2BE0AB4727AEB20C003FC33C /* gorilla.mp4 */,
				2BE0AB4827AEB20C003FC33C /* hippo.mp4 */,
				2BE0AB4427AEB18A003FC33C /* cheetah.mp4 */,
			);
			path = Video;
			sourceTree = "<group>";
		};
		2BE0AB5827AEB3CB003FC33C /* Data */ = {
			isa = PBXGroup;
			children = (
				2BE0AB5B27AEB3F2003FC33C /* animals.json */,
				2BE0AB5927AEB3F2003FC33C /* covers.json */,
				2BE0AB5C27AEB3F2003FC33C /* locations.json */,
				2BE0AB5A27AEB3F2003FC33C /* videos.json */,
			);
			path = Data;
			sourceTree = "<group>";
		};
		2BE0AB6227AEB98C003FC33C /* Screens */ = {
			isa = PBXGroup;
			children = (
				2BE0AB3527AEABCF003FC33C /* AfricaApp.swift */,
				2BE0AB3727AEABCF003FC33C /* ContentView.swift */,
				2BE0AB6327AEBA6F003FC33C /* VideoListView.swift */,
				2BE0AB6527AEBAB3003FC33C /* MapView.swift */,
				2BE0AB6727AEBAEE003FC33C /* GalleryView.swift */,
				2BE0AB6927AEBB1B003FC33C /* MainView.swift */,
			);
			path = Screens;
			sourceTree = "<group>";
		};
		2BE0AB6B27AEC317003FC33C /* Views */ = {
			isa = PBXGroup;
			children = (
				2BE0AB6C27AEC38C003FC33C /* CoverImageView.swift */,
				2BE0AB7427AED3B9003FC33C /* AnimalListItemView.swift */,
				2BE7077B27AF2F8000ECD78B /* AnimalDetailView.swift */,
				2BE7077D27AF35BC00ECD78B /* HeadingView.swift */,
				2BE7077F27AF40BB00ECD78B /* InsertGalleryView.swift */,
				2BE7078127AF83BF00ECD78B /* InsetFactView.swift */,
				2BE7078327AF8AB000ECD78B /* InsetMapView.swift */,
				2BE7078527AF915300ECD78B /* ExternalWeblinkView.swift */,
			);
			path = Views;
			sourceTree = "<group>";
		};
		2BE0AB6E27AEC6DB003FC33C /* Model */ = {
			isa = PBXGroup;
			children = (
				2BE0AB6F27AEC709003FC33C /* CoverImageModel.swift */,
				2BE0AB7627AED807003FC33C /* AnimalModel.swift */,
			);
			path = Model;
			sourceTree = "<group>";
		};
		2BE0AB7127AEC8F3003FC33C /* Extension */ = {
			isa = PBXGroup;
			children = (
				2BE0AB7227AEC939003FC33C /* CodableBundleExtension.swift */,
			);
			path = Extension;
			sourceTree = "<group>";
		};
/* End PBXGroup section */

/* Begin PBXNativeTarget section */
		2BE0AB3127AEABCF003FC33C /* Africa */ = {
			isa = PBXNativeTarget;
			buildConfigurationList = 2BE0AB4027AEABD0003FC33C /* Build configuration list for PBXNativeTarget "Africa" */;
			buildPhases = (
				2BE0AB2E27AEABCF003FC33C /* Sources */,
				2BE0AB2F27AEABCF003FC33C /* Frameworks */,
				2BE0AB3027AEABCF003FC33C /* Resources */,
			);
			buildRules = (
			);
			dependencies = (
			);
			name = Africa;
			productName = Africa;
			productReference = 2BE0AB3227AEABCF003FC33C /* Africa.app */;
			productType = "com.apple.product-type.application";
		};
/* End PBXNativeTarget section */

/* Begin PBXProject section */
		2BE0AB2A27AEABCF003FC33C /* Project object */ = {
			isa = PBXProject;
			attributes = {
				BuildIndependentTargetsInParallel = 1;
				LastSwiftUpdateCheck = 1320;
				LastUpgradeCheck = 1320;
				TargetAttributes = {
					2BE0AB3127AEABCF003FC33C = {
						CreatedOnToolsVersion = 13.2.1;
					};
				};
			};
			buildConfigurationList = 2BE0AB2D27AEABCF003FC33C /* Build configuration list for PBXProject "Africa" */;
			compatibilityVersion = "Xcode 13.0";
			developmentRegion = en;
			hasScannedForEncodings = 0;
			knownRegions = (
				en,
				Base,
			);
			mainGroup = 2BE0AB2927AEABCF003FC33C;
			productRefGroup = 2BE0AB3327AEABCF003FC33C /* Products */;
			projectDirPath = "";
			projectRoot = "";
			targets = (
				2BE0AB3127AEABCF003FC33C /* Africa */,
			);
		};
/* End PBXProject section */

/* Begin PBXResourcesBuildPhase section */
		2BE0AB3027AEABCF003FC33C /* Resources */ = {
			isa = PBXResourcesBuildPhase;
			buildActionMask = 2147483647;
			files = (
				2BE0AB5F27AEB3F2003FC33C /* animals.json in Resources */,
				2BE0AB5D27AEB3F2003FC33C /* covers.json in Resources */,
				2BE0AB6027AEB3F2003FC33C /* locations.json in Resources */,
				2BE0AB3D27AEABD0003FC33C /* Preview Assets.xcassets in Resources */,
				2BE0AB3A27AEABD0003FC33C /* Assets.xcassets in Resources */,
				2BE0AB5E27AEB3F2003FC33C /* videos.json in Resources */,
				2BE0AB4B27AEB20C003FC33C /* gorilla.mp4 in Resources */,
				2BE0AB4A27AEB20C003FC33C /* giraffe.mp4 in Resources */,
				2BE0AB5727AEB341003FC33C /* zebra.mp4 in Resources */,
				2BE0AB4D27AEB20C003FC33C /* elephant.mp4 in Resources */,
				2BE0AB4C27AEB20C003FC33C /* hippo.mp4 in Resources */,
				2BE0AB4527AEB18A003FC33C /* cheetah.mp4 in Resources */,
				2BE0AB5127AEB2F5003FC33C /* lion.mp4 in Resources */,
				2BE0AB5527AEB341003FC33C /* rhino.mp4 in Resources */,
				2BE0AB4F27AEB2E2003FC33C /* lioness.mp4 in Resources */,
				2BE0AB5627AEB341003FC33C /* ostrich.mp4 in Resources */,
			);
			runOnlyForDeploymentPostprocessing = 0;
		};
/* End PBXResourcesBuildPhase section */

/* Begin PBXSourcesBuildPhase section */
		2BE0AB2E27AEABCF003FC33C /* Sources */ = {
			isa = PBXSourcesBuildPhase;
			buildActionMask = 2147483647;
			files = (
				2BE7078627AF915300ECD78B /* ExternalWeblinkView.swift in Sources */,
				2BE0AB3827AEABCF003FC33C /* ContentView.swift in Sources */,
				2BE0AB7527AED3B9003FC33C /* AnimalListItemView.swift in Sources */,
				2BE0AB6A27AEBB1B003FC33C /* MainView.swift in Sources */,
				2BE7078227AF83BF00ECD78B /* InsetFactView.swift in Sources */,
				2BE0AB6D27AEC38C003FC33C /* CoverImageView.swift in Sources */,
				2BE0AB7027AEC709003FC33C /* CoverImageModel.swift in Sources */,
				2BE7077C27AF2F8000ECD78B /* AnimalDetailView.swift in Sources */,
				2BE0AB7727AED807003FC33C /* AnimalModel.swift in Sources */,
				2BE0AB6627AEBAB3003FC33C /* MapView.swift in Sources */,
				2BE7078427AF8AB000ECD78B /* InsetMapView.swift in Sources */,
				2BE0AB3627AEABCF003FC33C /* AfricaApp.swift in Sources */,
				2BE0AB6427AEBA6F003FC33C /* VideoListView.swift in Sources */,
				2BE0AB6827AEBAEE003FC33C /* GalleryView.swift in Sources */,
				2BE0AB7327AEC939003FC33C /* CodableBundleExtension.swift in Sources */,
				2BE7078027AF40BB00ECD78B /* InsertGalleryView.swift in Sources */,
				2BE7077E27AF35BC00ECD78B /* HeadingView.swift in Sources */,
			);
			runOnlyForDeploymentPostprocessing = 0;
		};
/* End PBXSourcesBuildPhase section */

/* Begin XCBuildConfiguration section */
		2BE0AB3E27AEABD0003FC33C /* Debug */ = {
			isa = XCBuildConfiguration;
			buildSettings = {
				ALWAYS_SEARCH_USER_PATHS = NO;
				CLANG_ANALYZER_NONNULL = YES;
				CLANG_ANALYZER_NUMBER_OBJECT_CONVERSION = YES_AGGRESSIVE;
				CLANG_CXX_LANGUAGE_STANDARD = "gnu++17";
				CLANG_CXX_LIBRARY = "libc++";
				CLANG_ENABLE_MODULES = YES;
				CLANG_ENABLE_OBJC_ARC = YES;
				CLANG_ENABLE_OBJC_WEAK = YES;
				CLANG_WARN_BLOCK_CAPTURE_AUTORELEASING = YES;
				CLANG_WARN_BOOL_CONVERSION = YES;
				CLANG_WARN_COMMA = YES;
				CLANG_WARN_CONSTANT_CONVERSION = YES;
				CLANG_WARN_DEPRECATED_OBJC_IMPLEMENTATIONS = YES;
				CLANG_WARN_DIRECT_OBJC_ISA_USAGE = YES_ERROR;
				CLANG_WARN_DOCUMENTATION_COMMENTS = YES;
				CLANG_WARN_EMPTY_BODY = YES;
				CLANG_WARN_ENUM_CONVERSION = YES;
				CLANG_WARN_INFINITE_RECURSION = YES;
				CLANG_WARN_INT_CONVERSION = YES;
				CLANG_WARN_NON_LITERAL_NULL_CONVERSION = YES;
				CLANG_WARN_OBJC_IMPLICIT_RETAIN_SELF = YES;
				CLANG_WARN_OBJC_LITERAL_CONVERSION = YES;
				CLANG_WARN_OBJC_ROOT_CLASS = YES_ERROR;
				CLANG_WARN_QUOTED_INCLUDE_IN_FRAMEWORK_HEADER = YES;
				CLANG_WARN_RANGE_LOOP_ANALYSIS = YES;
				CLANG_WARN_STRICT_PROTOTYPES = YES;
				CLANG_WARN_SUSPICIOUS_MOVE = YES;
				CLANG_WARN_UNGUARDED_AVAILABILITY = YES_AGGRESSIVE;
				CLANG_WARN_UNREACHABLE_CODE = YES;
				CLANG_WARN__DUPLICATE_METHOD_MATCH = YES;
				COPY_PHASE_STRIP = NO;
				DEBUG_INFORMATION_FORMAT = dwarf;
				ENABLE_STRICT_OBJC_MSGSEND = YES;
				ENABLE_TESTABILITY = YES;
				GCC_C_LANGUAGE_STANDARD = gnu11;
				GCC_DYNAMIC_NO_PIC = NO;
				GCC_NO_COMMON_BLOCKS = YES;
				GCC_OPTIMIZATION_LEVEL = 0;
				GCC_PREPROCESSOR_DEFINITIONS = (
					"DEBUG=1",
					"$(inherited)",
				);
				GCC_WARN_64_TO_32_BIT_CONVERSION = YES;
				GCC_WARN_ABOUT_RETURN_TYPE = YES_ERROR;
				GCC_WARN_UNDECLARED_SELECTOR = YES;
				GCC_WARN_UNINITIALIZED_AUTOS = YES_AGGRESSIVE;
				GCC_WARN_UNUSED_FUNCTION = YES;
				GCC_WARN_UNUSED_VARIABLE = YES;
				IPHONEOS_DEPLOYMENT_TARGET = 15.2;
				MTL_ENABLE_DEBUG_INFO = INCLUDE_SOURCE;
				MTL_FAST_MATH = YES;
				ONLY_ACTIVE_ARCH = YES;
				SDKROOT = iphoneos;
				SWIFT_ACTIVE_COMPILATION_CONDITIONS = DEBUG;
				SWIFT_OPTIMIZATION_LEVEL = "-Onone";
			};
			name = Debug;
		};
		2BE0AB3F27AEABD0003FC33C /* Release */ = {
			isa = XCBuildConfiguration;
			buildSettings = {
				ALWAYS_SEARCH_USER_PATHS = NO;
				CLANG_ANALYZER_NONNULL = YES;
				CLANG_ANALYZER_NUMBER_OBJECT_CONVERSION = YES_AGGRESSIVE;
				CLANG_CXX_LANGUAGE_STANDARD = "gnu++17";
				CLANG_CXX_LIBRARY = "libc++";
				CLANG_ENABLE_MODULES = YES;
				CLANG_ENABLE_OBJC_ARC = YES;
				CLANG_ENABLE_OBJC_WEAK = YES;
				CLANG_WARN_BLOCK_CAPTURE_AUTORELEASING = YES;
				CLANG_WARN_BOOL_CONVERSION = YES;
				CLANG_WARN_COMMA = YES;
				CLANG_WARN_CONSTANT_CONVERSION = YES;
				CLANG_WARN_DEPRECATED_OBJC_IMPLEMENTATIONS = YES;
				CLANG_WARN_DIRECT_OBJC_ISA_USAGE = YES_ERROR;
				CLANG_WARN_DOCUMENTATION_COMMENTS = YES;
				CLANG_WARN_EMPTY_BODY = YES;
				CLANG_WARN_ENUM_CONVERSION = YES;
				CLANG_WARN_INFINITE_RECURSION = YES;
				CLANG_WARN_INT_CONVERSION = YES;
				CLANG_WARN_NON_LITERAL_NULL_CONVERSION = YES;
				CLANG_WARN_OBJC_IMPLICIT_RETAIN_SELF = YES;
				CLANG_WARN_OBJC_LITERAL_CONVERSION = YES;
				CLANG_WARN_OBJC_ROOT_CLASS = YES_ERROR;
				CLANG_WARN_QUOTED_INCLUDE_IN_FRAMEWORK_HEADER = YES;
				CLANG_WARN_RANGE_LOOP_ANALYSIS = YES;
				CLANG_WARN_STRICT_PROTOTYPES = YES;
				CLANG_WARN_SUSPICIOUS_MOVE = YES;
				CLANG_WARN_UNGUARDED_AVAILABILITY = YES_AGGRESSIVE;
				CLANG_WARN_UNREACHABLE_CODE = YES;
				CLANG_WARN__DUPLICATE_METHOD_MATCH = YES;
				COPY_PHASE_STRIP = NO;
				DEBUG_INFORMATION_FORMAT = "dwarf-with-dsym";
				ENABLE_NS_ASSERTIONS = NO;
				ENABLE_STRICT_OBJC_MSGSEND = YES;
				GCC_C_LANGUAGE_STANDARD = gnu11;
				GCC_NO_COMMON_BLOCKS = YES;
				GCC_WARN_64_TO_32_BIT_CONVERSION = YES;
				GCC_WARN_ABOUT_RETURN_TYPE = YES_ERROR;
				GCC_WARN_UNDECLARED_SELECTOR = YES;
				GCC_WARN_UNINITIALIZED_AUTOS = YES_AGGRESSIVE;
				GCC_WARN_UNUSED_FUNCTION = YES;
				GCC_WARN_UNUSED_VARIABLE = YES;
				IPHONEOS_DEPLOYMENT_TARGET = 15.2;
				MTL_ENABLE_DEBUG_INFO = NO;
				MTL_FAST_MATH = YES;
				SDKROOT = iphoneos;
				SWIFT_COMPILATION_MODE = wholemodule;
				SWIFT_OPTIMIZATION_LEVEL = "-O";
				VALIDATE_PRODUCT = YES;
			};
			name = Release;
		};
		2BE0AB4127AEABD0003FC33C /* Debug */ = {
			isa = XCBuildConfiguration;
			buildSettings = {
				ASSETCATALOG_COMPILER_APPICON_NAME = AppIcon;
				ASSETCATALOG_COMPILER_GLOBAL_ACCENT_COLOR_NAME = AccentColor;
				CODE_SIGN_STYLE = Automatic;
				CURRENT_PROJECT_VERSION = 1;
				DEVELOPMENT_ASSET_PATHS = "\"Africa/Preview Content\"";
				DEVELOPMENT_TEAM = D7DZLPQ77X;
				ENABLE_PREVIEWS = YES;
				GENERATE_INFOPLIST_FILE = YES;
				INFOPLIST_FILE = Africa/Info.plist;
				INFOPLIST_KEY_UIApplicationSceneManifest_Generation = YES;
				INFOPLIST_KEY_UIApplicationSupportsIndirectInputEvents = YES;
				INFOPLIST_KEY_UISupportedInterfaceOrientations_iPad = "UIInterfaceOrientationPortrait UIInterfaceOrientationPortraitUpsideDown UIInterfaceOrientationLandscapeLeft UIInterfaceOrientationLandscapeRight";
				INFOPLIST_KEY_UISupportedInterfaceOrientations_iPhone = "UIInterfaceOrientationPortrait UIInterfaceOrientationLandscapeLeft UIInterfaceOrientationLandscapeRight";
				INFOPLIST_KEY_UIUserInterfaceStyle = Dark;
				LD_RUNPATH_SEARCH_PATHS = (
					"$(inherited)",
					"@executable_path/Frameworks",
				);
				MARKETING_VERSION = 1.0;
				PRODUCT_BUNDLE_IDENTIFIER = com.philiprogers.Africa;
				PRODUCT_NAME = "$(TARGET_NAME)";
				SWIFT_EMIT_LOC_STRINGS = YES;
				SWIFT_VERSION = 5.0;
				TARGETED_DEVICE_FAMILY = "1,2";
			};
			name = Debug;
		};
		2BE0AB4227AEABD0003FC33C /* Release */ = {
			isa = XCBuildConfiguration;
			buildSettings = {
				ASSETCATALOG_COMPILER_APPICON_NAME = AppIcon;
				ASSETCATALOG_COMPILER_GLOBAL_ACCENT_COLOR_NAME = AccentColor;
				CODE_SIGN_STYLE = Automatic;
				CURRENT_PROJECT_VERSION = 1;
				DEVELOPMENT_ASSET_PATHS = "\"Africa/Preview Content\"";
				DEVELOPMENT_TEAM = D7DZLPQ77X;
				ENABLE_PREVIEWS = YES;
				GENERATE_INFOPLIST_FILE = YES;
				INFOPLIST_FILE = Africa/Info.plist;
				INFOPLIST_KEY_UIApplicationSceneManifest_Generation = YES;
				INFOPLIST_KEY_UIApplicationSupportsIndirectInputEvents = YES;
				INFOPLIST_KEY_UISupportedInterfaceOrientations_iPad = "UIInterfaceOrientationPortrait UIInterfaceOrientationPortraitUpsideDown UIInterfaceOrientationLandscapeLeft UIInterfaceOrientationLandscapeRight";
				INFOPLIST_KEY_UISupportedInterfaceOrientations_iPhone = "UIInterfaceOrientationPortrait UIInterfaceOrientationLandscapeLeft UIInterfaceOrientationLandscapeRight";
				INFOPLIST_KEY_UIUserInterfaceStyle = Dark;
				LD_RUNPATH_SEARCH_PATHS = (
					"$(inherited)",
					"@executable_path/Frameworks",
				);
				MARKETING_VERSION = 1.0;
				PRODUCT_BUNDLE_IDENTIFIER = com.philiprogers.Africa;
				PRODUCT_NAME = "$(TARGET_NAME)";
				SWIFT_EMIT_LOC_STRINGS = YES;
				SWIFT_VERSION = 5.0;
				TARGETED_DEVICE_FAMILY = "1,2";
			};
			name = Release;
		};
/* End XCBuildConfiguration section */

/* Begin XCConfigurationList section */
		2BE0AB2D27AEABCF003FC33C /* Build configuration list for PBXProject "Africa" */ = {
			isa = XCConfigurationList;
			buildConfigurations = (
				2BE0AB3E27AEABD0003FC33C /* Debug */,
				2BE0AB3F27AEABD0003FC33C /* Release */,
			);
			defaultConfigurationIsVisible = 0;
			defaultConfigurationName = Release;
		};
		2BE0AB4027AEABD0003FC33C /* Build configuration list for PBXNativeTarget "Africa" */ = {
			isa = XCConfigurationList;
			buildConfigurations = (
				2BE0AB4127AEABD0003FC33C /* Debug */,
				2BE0AB4227AEABD0003FC33C /* Release */,
			);
			defaultConfigurationIsVisible = 0;
			defaultConfigurationName = Release;
		};
/* End XCConfigurationList section */
	};
	rootObject = 2BE0AB2A27AEABCF003FC33C /* Project object */;
}
